// !$*UTF8*$!
{
	archiveVersion = 1;
	classes = {
	};
	objectVersion = 46;
	objects = {

/* Begin PBXBuildFile section */
		8EDE2A23862C97C8F88781EA /* libPods.a in Frameworks */ = {isa = PBXBuildFile; fileRef = F5A0B5DC3A0ACD00C939250E /* libPods.a */; };
		F8AFFBDC1CE08C78003AA9C1 /* AppDelegate.swift in Sources */ = {isa = PBXBuildFile; fileRef = F8AFFBDB1CE08C78003AA9C1 /* AppDelegate.swift */; };
		F8AFFBDE1CE08C78003AA9C1 /* ViewController.swift in Sources */ = {isa = PBXBuildFile; fileRef = F8AFFBDD1CE08C78003AA9C1 /* ViewController.swift */; };
		F8AFFBE11CE08C78003AA9C1 /* Main.storyboard in Resources */ = {isa = PBXBuildFile; fileRef = F8AFFBDF1CE08C78003AA9C1 /* Main.storyboard */; };
		F8AFFBE31CE08C78003AA9C1 /* Assets.xcassets in Resources */ = {isa = PBXBuildFile; fileRef = F8AFFBE21CE08C78003AA9C1 /* Assets.xcassets */; };
		F8AFFBE61CE08C78003AA9C1 /* LaunchScreen.storyboard in Resources */ = {isa = PBXBuildFile; fileRef = F8AFFBE41CE08C78003AA9C1 /* LaunchScreen.storyboard */; };
		F8E3B7221CE09C7700107DC2 /* OTLogger.m in Sources */ = {isa = PBXBuildFile; fileRef = F8E3B7211CE09C7700107DC2 /* OTLogger.m */; };
		F8E3B7261CE09D9B00107DC2 /* OTDefaultAudioDeviceIOS271.m in Sources */ = {isa = PBXBuildFile; fileRef = F8E3B7251CE09D9B00107DC2 /* OTDefaultAudioDeviceIOS271.m */; };
		F8E3B7291CE0A83A00107DC2 /* OTDefaultAudioDeviceSAMPLES.m in Sources */ = {isa = PBXBuildFile; fileRef = F8E3B7281CE0A83A00107DC2 /* OTDefaultAudioDeviceSAMPLES.m */; };
/* End PBXBuildFile section */

/* Begin PBXFileReference section */
		446450E1046DB26408204052 /* Pods.debug.xcconfig */ = {isa = PBXFileReference; includeInIndex = 1; lastKnownFileType = text.xcconfig; name = Pods.debug.xcconfig; path = "Pods/Target Support Files/Pods/Pods.debug.xcconfig"; sourceTree = "<group>"; };
		C5080E6829A7F6232201CE1D /* Pods.release.xcconfig */ = {isa = PBXFileReference; includeInIndex = 1; lastKnownFileType = text.xcconfig; name = Pods.release.xcconfig; path = "Pods/Target Support Files/Pods/Pods.release.xcconfig"; sourceTree = "<group>"; };
		F5A0B5DC3A0ACD00C939250E /* libPods.a */ = {isa = PBXFileReference; explicitFileType = archive.ar; includeInIndex = 0; path = libPods.a; sourceTree = BUILT_PRODUCTS_DIR; };
		F8AFFBD81CE08C78003AA9C1 /* testmovingsessions.app */ = {isa = PBXFileReference; explicitFileType = wrapper.application; includeInIndex = 0; path = testmovingsessions.app; sourceTree = BUILT_PRODUCTS_DIR; };
		F8AFFBDB1CE08C78003AA9C1 /* AppDelegate.swift */ = {isa = PBXFileReference; lastKnownFileType = sourcecode.swift; path = AppDelegate.swift; sourceTree = "<group>"; };
		F8AFFBDD1CE08C78003AA9C1 /* ViewController.swift */ = {isa = PBXFileReference; lastKnownFileType = sourcecode.swift; path = ViewController.swift; sourceTree = "<group>"; };
		F8AFFBE01CE08C78003AA9C1 /* Base */ = {isa = PBXFileReference; lastKnownFileType = file.storyboard; name = Base; path = Base.lproj/Main.storyboard; sourceTree = "<group>"; };
		F8AFFBE21CE08C78003AA9C1 /* Assets.xcassets */ = {isa = PBXFileReference; lastKnownFileType = folder.assetcatalog; path = Assets.xcassets; sourceTree = "<group>"; };
		F8AFFBE51CE08C78003AA9C1 /* Base */ = {isa = PBXFileReference; lastKnownFileType = file.storyboard; name = Base; path = Base.lproj/LaunchScreen.storyboard; sourceTree = "<group>"; };
		F8AFFBE71CE08C78003AA9C1 /* Info.plist */ = {isa = PBXFileReference; lastKnownFileType = text.plist.xml; path = Info.plist; sourceTree = "<group>"; };
		F8AFFBED1CE08E9C003AA9C1 /* testmovingsessions-Bridging-Header.h */ = {isa = PBXFileReference; lastKnownFileType = sourcecode.c.h; path = "testmovingsessions-Bridging-Header.h"; sourceTree = "<group>"; };
		F8E3B7201CE09C7700107DC2 /* OTLogger.h */ = {isa = PBXFileReference; fileEncoding = 4; lastKnownFileType = sourcecode.c.h; path = OTLogger.h; sourceTree = "<group>"; };
		F8E3B7211CE09C7700107DC2 /* OTLogger.m */ = {isa = PBXFileReference; fileEncoding = 4; lastKnownFileType = sourcecode.c.objc; path = OTLogger.m; sourceTree = "<group>"; };
		F8E3B7241CE09D9B00107DC2 /* OTDefaultAudioDeviceIOS271.h */ = {isa = PBXFileReference; fileEncoding = 4; lastKnownFileType = sourcecode.c.h; path = OTDefaultAudioDeviceIOS271.h; sourceTree = "<group>"; };
		F8E3B7251CE09D9B00107DC2 /* OTDefaultAudioDeviceIOS271.m */ = {isa = PBXFileReference; fileEncoding = 4; lastKnownFileType = sourcecode.c.objc; path = OTDefaultAudioDeviceIOS271.m; sourceTree = "<group>"; };
		F8E3B7271CE0A83A00107DC2 /* OTDefaultAudioDeviceSAMPLES.h */ = {isa = PBXFileReference; fileEncoding = 4; lastKnownFileType = sourcecode.c.h; path = OTDefaultAudioDeviceSAMPLES.h; sourceTree = "<group>"; };
		F8E3B7281CE0A83A00107DC2 /* OTDefaultAudioDeviceSAMPLES.m */ = {isa = PBXFileReference; fileEncoding = 4; lastKnownFileType = sourcecode.c.objc; path = OTDefaultAudioDeviceSAMPLES.m; sourceTree = "<group>"; };
/* End PBXFileReference section */

/* Begin PBXFrameworksBuildPhase section */
		F8AFFBD51CE08C78003AA9C1 /* Frameworks */ = {
			isa = PBXFrameworksBuildPhase;
			buildActionMask = 2147483647;
			files = (
				8EDE2A23862C97C8F88781EA /* libPods.a in Frameworks */,
			);
			runOnlyForDeploymentPostprocessing = 0;
		};
/* End PBXFrameworksBuildPhase section */

/* Begin PBXGroup section */
		175FB3997F20F4F76AC287BD /* Pods */ = {
			isa = PBXGroup;
			children = (
				446450E1046DB26408204052 /* Pods.debug.xcconfig */,
				C5080E6829A7F6232201CE1D /* Pods.release.xcconfig */,
			);
			name = Pods;
			sourceTree = "<group>";
		};
		68A43EB28B7A68BC8CFB29E0 /* Frameworks */ = {
			isa = PBXGroup;
			children = (
				F5A0B5DC3A0ACD00C939250E /* libPods.a */,
			);
			name = Frameworks;
			sourceTree = "<group>";
		};
		F8AFFBCF1CE08C78003AA9C1 = {
			isa = PBXGroup;
			children = (
				F8AFFBDA1CE08C78003AA9C1 /* testmovingsessions */,
				F8AFFBD91CE08C78003AA9C1 /* Products */,
				175FB3997F20F4F76AC287BD /* Pods */,
				68A43EB28B7A68BC8CFB29E0 /* Frameworks */,
			);
			sourceTree = "<group>";
		};
		F8AFFBD91CE08C78003AA9C1 /* Products */ = {
			isa = PBXGroup;
			children = (
				F8AFFBD81CE08C78003AA9C1 /* testmovingsessions.app */,
			);
			name = Products;
			sourceTree = "<group>";
		};
		F8AFFBDA1CE08C78003AA9C1 /* testmovingsessions */ = {
			isa = PBXGroup;
			children = (
				F8AFFBDB1CE08C78003AA9C1 /* AppDelegate.swift */,
				F8AFFBDD1CE08C78003AA9C1 /* ViewController.swift */,
				F8AFFBDF1CE08C78003AA9C1 /* Main.storyboard */,
				F8AFFBE21CE08C78003AA9C1 /* Assets.xcassets */,
				F8AFFBE41CE08C78003AA9C1 /* LaunchScreen.storyboard */,
				F8AFFBE71CE08C78003AA9C1 /* Info.plist */,
				F8AFFBED1CE08E9C003AA9C1 /* testmovingsessions-Bridging-Header.h */,
				F8E3B7201CE09C7700107DC2 /* OTLogger.h */,
				F8E3B7211CE09C7700107DC2 /* OTLogger.m */,
				F8E3B7241CE09D9B00107DC2 /* OTDefaultAudioDeviceIOS271.h */,
				F8E3B7251CE09D9B00107DC2 /* OTDefaultAudioDeviceIOS271.m */,
				F8E3B7271CE0A83A00107DC2 /* OTDefaultAudioDeviceSAMPLES.h */,
				F8E3B7281CE0A83A00107DC2 /* OTDefaultAudioDeviceSAMPLES.m */,
			);
			path = testmovingsessions;
			sourceTree = "<group>";
		};
/* End PBXGroup section */

/* Begin PBXNativeTarget section */
		F8AFFBD71CE08C78003AA9C1 /* testmovingsessions */ = {
			isa = PBXNativeTarget;
			buildConfigurationList = F8AFFBEA1CE08C78003AA9C1 /* Build configuration list for PBXNativeTarget "testmovingsessions" */;
			buildPhases = (
				BA5C29E0E274FD532CF24A6A /* Check Pods Manifest.lock */,
				F8AFFBD41CE08C78003AA9C1 /* Sources */,
				F8AFFBD51CE08C78003AA9C1 /* Frameworks */,
				F8AFFBD61CE08C78003AA9C1 /* Resources */,
				B3566B9D3A612C523769C00D /* Embed Pods Frameworks */,
				D161A36B4A3B22A944F54D07 /* Copy Pods Resources */,
			);
			buildRules = (
			);
			dependencies = (
			);
			name = testmovingsessions;
			productName = testmovingsessions;
			productReference = F8AFFBD81CE08C78003AA9C1 /* testmovingsessions.app */;
			productType = "com.apple.product-type.application";
		};
/* End PBXNativeTarget section */

/* Begin PBXProject section */
		F8AFFBD01CE08C78003AA9C1 /* Project object */ = {
			isa = PBXProject;
			attributes = {
				LastSwiftUpdateCheck = 0730;
				LastUpgradeCheck = 0730;
				ORGANIZATIONNAME = tokbox;
				TargetAttributes = {
					F8AFFBD71CE08C78003AA9C1 = {
						CreatedOnToolsVersion = 7.3.1;
					};
				};
			};
			buildConfigurationList = F8AFFBD31CE08C78003AA9C1 /* Build configuration list for PBXProject "testmovingsessions" */;
			compatibilityVersion = "Xcode 3.2";
			developmentRegion = English;
			hasScannedForEncodings = 0;
			knownRegions = (
				en,
				Base,
			);
			mainGroup = F8AFFBCF1CE08C78003AA9C1;
			productRefGroup = F8AFFBD91CE08C78003AA9C1 /* Products */;
			projectDirPath = "";
			projectRoot = "";
			targets = (
				F8AFFBD71CE08C78003AA9C1 /* testmovingsessions */,
			);
		};
/* End PBXProject section */

/* Begin PBXResourcesBuildPhase section */
		F8AFFBD61CE08C78003AA9C1 /* Resources */ = {
			isa = PBXResourcesBuildPhase;
			buildActionMask = 2147483647;
			files = (
				F8AFFBE61CE08C78003AA9C1 /* LaunchScreen.storyboard in Resources */,
				F8AFFBE31CE08C78003AA9C1 /* Assets.xcassets in Resources */,
				F8AFFBE11CE08C78003AA9C1 /* Main.storyboard in Resources */,
			);
			runOnlyForDeploymentPostprocessing = 0;
		};
/* End PBXResourcesBuildPhase section */

/* Begin PBXShellScriptBuildPhase section */
		B3566B9D3A612C523769C00D /* Embed Pods Frameworks */ = {
			isa = PBXShellScriptBuildPhase;
			buildActionMask = 2147483647;
			files = (
			);
			inputPaths = (
			);
			name = "Embed Pods Frameworks";
			outputPaths = (
			);
			runOnlyForDeploymentPostprocessing = 0;
			shellPath = /bin/sh;
			shellScript = "\"${SRCROOT}/Pods/Target Support Files/Pods/Pods-frameworks.sh\"\n";
			showEnvVarsInLog = 0;
		};
		BA5C29E0E274FD532CF24A6A /* Check Pods Manifest.lock */ = {
			isa = PBXShellScriptBuildPhase;
			buildActionMask = 2147483647;
			files = (
			);
			inputPaths = (
			);
			name = "Check Pods Manifest.lock";
			outputPaths = (
			);
			runOnlyForDeploymentPostprocessing = 0;
			shellPath = /bin/sh;
			shellScript = "diff \"${PODS_ROOT}/../Podfile.lock\" \"${PODS_ROOT}/Manifest.lock\" > /dev/null\nif [[ $? != 0 ]] ; then\n    cat << EOM\nerror: The sandbox is not in sync with the Podfile.lock. Run 'pod install' or update your CocoaPods installation.\nEOM\n    exit 1\nfi\n";
			showEnvVarsInLog = 0;
		};
		D161A36B4A3B22A944F54D07 /* Copy Pods Resources */ = {
			isa = PBXShellScriptBuildPhase;
			buildActionMask = 2147483647;
			files = (
			);
			inputPaths = (
			);
			name = "Copy Pods Resources";
			outputPaths = (
			);
			runOnlyForDeploymentPostprocessing = 0;
			shellPath = /bin/sh;
			shellScript = "\"${SRCROOT}/Pods/Target Support Files/Pods/Pods-resources.sh\"\n";
			showEnvVarsInLog = 0;
		};
/* End PBXShellScriptBuildPhase section */

/* Begin PBXSourcesBuildPhase section */
		F8AFFBD41CE08C78003AA9C1 /* Sources */ = {
			isa = PBXSourcesBuildPhase;
			buildActionMask = 2147483647;
			files = (
				F8AFFBDE1CE08C78003AA9C1 /* ViewController.swift in Sources */,
				F8E3B7261CE09D9B00107DC2 /* OTDefaultAudioDeviceIOS271.m in Sources */,
				F8E3B7291CE0A83A00107DC2 /* OTDefaultAudioDeviceSAMPLES.m in Sources */,
				F8AFFBDC1CE08C78003AA9C1 /* AppDelegate.swift in Sources */,
				F8E3B7221CE09C7700107DC2 /* OTLogger.m in Sources */,
			);
			runOnlyForDeploymentPostprocessing = 0;
		};
/* End PBXSourcesBuildPhase section */

/* Begin PBXVariantGroup section */
		F8AFFBDF1CE08C78003AA9C1 /* Main.storyboard */ = {
			isa = PBXVariantGroup;
			children = (
				F8AFFBE01CE08C78003AA9C1 /* Base */,
			);
			name = Main.storyboard;
			sourceTree = "<group>";
		};
		F8AFFBE41CE08C78003AA9C1 /* LaunchScreen.storyboard */ = {
			isa = PBXVariantGroup;
			children = (
				F8AFFBE51CE08C78003AA9C1 /* Base */,
			);
			name = LaunchScreen.storyboard;
			sourceTree = "<group>";
		};
/* End PBXVariantGroup section */

/* Begin XCBuildConfiguration section */
		F8AFFBE81CE08C78003AA9C1 /* Debug */ = {
			isa = XCBuildConfiguration;
			buildSettings = {
				ALWAYS_SEARCH_USER_PATHS = NO;
				CLANG_ANALYZER_NONNULL = YES;
				CLANG_CXX_LANGUAGE_STANDARD = "gnu++0x";
				CLANG_CXX_LIBRARY = "libc++";
				CLANG_ENABLE_MODULES = YES;
				CLANG_ENABLE_OBJC_ARC = YES;
				CLANG_WARN_BOOL_CONVERSION = YES;
				CLANG_WARN_CONSTANT_CONVERSION = YES;
				CLANG_WARN_DIRECT_OBJC_ISA_USAGE = YES_ERROR;
				CLANG_WARN_EMPTY_BODY = YES;
				CLANG_WARN_ENUM_CONVERSION = YES;
				CLANG_WARN_INT_CONVERSION = YES;
				CLANG_WARN_OBJC_ROOT_CLASS = YES_ERROR;
				CLANG_WARN_UNREACHABLE_CODE = YES;
				CLANG_WARN__DUPLICATE_METHOD_MATCH = YES;
				"CODE_SIGN_IDENTITY[sdk=iphoneos*]" = "iPhone Developer";
				COPY_PHASE_STRIP = NO;
				DEBUG_INFORMATION_FORMAT = dwarf;
				ENABLE_STRICT_OBJC_MSGSEND = YES;
				ENABLE_TESTABILITY = YES;
				GCC_C_LANGUAGE_STANDARD = gnu99;
				GCC_DYNAMIC_NO_PIC = NO;
				GCC_NO_COMMON_BLOCKS = YES;
				GCC_OPTIMIZATION_LEVEL = 0;
				GCC_PREPROCESSOR_DEFINITIONS = (
					"DEBUG=1",
					"$(inherited)",
				);
				GCC_WARN_64_TO_32_BIT_CONVERSION = YES;
				GCC_WARN_ABOUT_RETURN_TYPE = YES_ERROR;
				GCC_WARN_UNDECLARED_SELECTOR = YES;
				GCC_WARN_UNINITIALIZED_AUTOS = YES_AGGRESSIVE;
				GCC_WARN_UNUSED_FUNCTION = YES;
				GCC_WARN_UNUSED_VARIABLE = YES;
				IPHONEOS_DEPLOYMENT_TARGET = 9.3;
				MTL_ENABLE_DEBUG_INFO = YES;
				ONLY_ACTIVE_ARCH = YES;
				SDKROOT = iphoneos;
				SWIFT_OPTIMIZATION_LEVEL = "-Onone";
			};
			name = Debug;
		};
		F8AFFBE91CE08C78003AA9C1 /* Release */ = {
			isa = XCBuildConfiguration;
			buildSettings = {
				ALWAYS_SEARCH_USER_PATHS = NO;
				CLANG_ANALYZER_NONNULL = YES;
				CLANG_CXX_LANGUAGE_STANDARD = "gnu++0x";
				CLANG_CXX_LIBRARY = "libc++";
				CLANG_ENABLE_MODULES = YES;
				CLANG_ENABLE_OBJC_ARC = YES;
				CLANG_WARN_BOOL_CONVERSION = YES;
				CLANG_WARN_CONSTANT_CONVERSION = YES;
				CLANG_WARN_DIRECT_OBJC_ISA_USAGE = YES_ERROR;
				CLANG_WARN_EMPTY_BODY = YES;
				CLANG_WARN_ENUM_CONVERSION = YES;
				CLANG_WARN_INT_CONVERSION = YES;
				CLANG_WARN_OBJC_ROOT_CLASS = YES_ERROR;
				CLANG_WARN_UNREACHABLE_CODE = YES;
				CLANG_WARN__DUPLICATE_METHOD_MATCH = YES;
				"CODE_SIGN_IDENTITY[sdk=iphoneos*]" = "iPhone Developer";
				COPY_PHASE_STRIP = NO;
				DEBUG_INFORMATION_FORMAT = "dwarf-with-dsym";
				ENABLE_NS_ASSERTIONS = NO;
				ENABLE_STRICT_OBJC_MSGSEND = YES;
				GCC_C_LANGUAGE_STANDARD = gnu99;
				GCC_NO_COMMON_BLOCKS = YES;
				GCC_WARN_64_TO_32_BIT_CONVERSION = YES;
				GCC_WARN_ABOUT_RETURN_TYPE = YES_ERROR;
				GCC_WARN_UNDECLARED_SELECTOR = YES;
				GCC_WARN_UNINITIALIZED_AUTOS = YES_AGGRESSIVE;
				GCC_WARN_UNUSED_FUNCTION = YES;
				GCC_WARN_UNUSED_VARIABLE = YES;
				IPHONEOS_DEPLOYMENT_TARGET = 9.3;
				MTL_ENABLE_DEBUG_INFO = NO;
				SDKROOT = iphoneos;
				VALIDATE_PRODUCT = YES;
			};
			name = Release;
		};
		F8AFFBEB1CE08C78003AA9C1 /* Debug */ = {
			isa = XCBuildConfiguration;
			baseConfigurationReference = 446450E1046DB26408204052 /* Pods.debug.xcconfig */;
			buildSettings = {
				ASSETCATALOG_COMPILER_APPICON_NAME = AppIcon;
				ENABLE_BITCODE = NO;
				INFOPLIST_FILE = testmovingsessions/Info.plist;
				LD_RUNPATH_SEARCH_PATHS = "$(inherited) @executable_path/Frameworks";
				PRODUCT_BUNDLE_IDENTIFIER = com.opentok.testmovingsessions;
				PRODUCT_NAME = "$(TARGET_NAME)";
				SWIFT_OBJC_BRIDGING_HEADER = "testmovingsessions/testmovingsessions-Bridging-Header.h";
			};
			name = Debug;
		};
		F8AFFBEC1CE08C78003AA9C1 /* Release */ = {
			isa = XCBuildConfiguration;
			baseConfigurationReference = C5080E6829A7F6232201CE1D /* Pods.release.xcconfig */;
			buildSettings = {
				ASSETCATALOG_COMPILER_APPICON_NAME = AppIcon;
				ENABLE_BITCODE = NO;
				INFOPLIST_FILE = testmovingsessions/Info.plist;
				LD_RUNPATH_SEARCH_PATHS = "$(inherited) @executable_path/Frameworks";
				PRODUCT_BUNDLE_IDENTIFIER = com.opentok.testmovingsessions;
				PRODUCT_NAME = "$(TARGET_NAME)";
				SWIFT_OBJC_BRIDGING_HEADER = "testmovingsessions/testmovingsessions-Bridging-Header.h";
			};
			name = Release;
		};
/* End XCBuildConfiguration section */

/* Begin XCConfigurationList section */
		F8AFFBD31CE08C78003AA9C1 /* Build configuration list for PBXProject "testmovingsessions" */ = {
			isa = XCConfigurationList;
			buildConfigurations = (
				F8AFFBE81CE08C78003AA9C1 /* Debug */,
				F8AFFBE91CE08C78003AA9C1 /* Release */,
			);
			defaultConfigurationIsVisible = 0;
			defaultConfigurationName = Release;
		};
		F8AFFBEA1CE08C78003AA9C1 /* Build configuration list for PBXNativeTarget "testmovingsessions" */ = {
			isa = XCConfigurationList;
			buildConfigurations = (
				F8AFFBEB1CE08C78003AA9C1 /* Debug */,
				F8AFFBEC1CE08C78003AA9C1 /* Release */,
			);
			defaultConfigurationIsVisible = 0;
			defaultConfigurationName = Release;
		};
/* End XCConfigurationList section */
	};
	rootObject = F8AFFBD01CE08C78003AA9C1 /* Project object */;
}
